
Microsoft Visual Studio Solution File, Format Version 12.00
# Visual Studio Version 17
VisualStudioVersion = 17.0.31903.59
MinimumVisualStudioVersion = 10.0.40219.1
Project("{2150E333-8FDC-42A3-9474-1A3956D46DE8}") = "src", "src", "{A476C04A-7690-4F67-9E4B-FC4FE9672AAE}"
EndProject
Project("{2150E333-8FDC-42A3-9474-1A3956D46DE8}") = "Services", "Services", "{5CA4866F-F451-4F3C-B2F4-555F94A8A37E}"
EndProject
Project("{FAE04EC0-301F-11D3-BF4B-00C04F79EFBC}") = "Catalog.API", "src\Services\Catalog.API\Catalog.API.csproj", "{5BC09FEF-A723-451D-9101-D70D1D37BC82}"
EndProject
Project("{FAE04EC0-301F-11D3-BF4B-00C04F79EFBC}") = "BuildingBlocks", "src\BuildingBlocks\BuildingBlocks.csproj", "{6E2726A1-44F7-4810-9993-C59CB25354F9}"
EndProject
Project("{FAE04EC0-301F-11D3-BF4B-00C04F79EFBC}") = "Basket.API", "src\Services\Basket.API\Basket.API.csproj", "{5ACB1A70-B70D-4149-B68C-0E7C8E257AC9}"
EndProject
Global
	GlobalSection(SolutionConfigurationPlatforms) = preSolution
		Debug|Any CPU = Debug|Any CPU
		Release|Any CPU = Release|Any CPU
	EndGlobalSection
	GlobalSection(SolutionProperties) = preSolution
		HideSolutionNode = FALSE
	EndGlobalSection
	GlobalSection(ProjectConfigurationPlatforms) = postSolution
		{BB79ACF5-9611-4593-8061-5CAAD5DBF101}.Debug|Any CPU.ActiveCfg = Debug|Any CPU
		{BB79ACF5-9611-4593-8061-5CAAD5DBF101}.Debug|Any CPU.Build.0 = Debug|Any CPU
		{BB79ACF5-9611-4593-8061-5CAAD5DBF101}.Release|Any CPU.ActiveCfg = Release|Any CPU
		{BB79ACF5-9611-4593-8061-5CAAD5DBF101}.Release|Any CPU.Build.0 = Release|Any CPU
		{5BC09FEF-A723-451D-9101-D70D1D37BC82}.Debug|Any CPU.ActiveCfg = Debug|Any CPU
		{5BC09FEF-A723-451D-9101-D70D1D37BC82}.Debug|Any CPU.Build.0 = Debug|Any CPU
		{5BC09FEF-A723-451D-9101-D70D1D37BC82}.Release|Any CPU.ActiveCfg = Release|Any CPU
		{5BC09FEF-A723-451D-9101-D70D1D37BC82}.Release|Any CPU.Build.0 = Release|Any CPU
		{6E2726A1-44F7-4810-9993-C59CB25354F9}.Debug|Any CPU.ActiveCfg = Debug|Any CPU
		{6E2726A1-44F7-4810-9993-C59CB25354F9}.Debug|Any CPU.Build.0 = Debug|Any CPU
		{6E2726A1-44F7-4810-9993-C59CB25354F9}.Release|Any CPU.ActiveCfg = Release|Any CPU
		{6E2726A1-44F7-4810-9993-C59CB25354F9}.Release|Any CPU.Build.0 = Release|Any CPU
		{5ACB1A70-B70D-4149-B68C-0E7C8E257AC9}.Debug|Any CPU.ActiveCfg = Debug|Any CPU
		{5ACB1A70-B70D-4149-B68C-0E7C8E257AC9}.Debug|Any CPU.Build.0 = Debug|Any CPU
		{5ACB1A70-B70D-4149-B68C-0E7C8E257AC9}.Release|Any CPU.ActiveCfg = Release|Any CPU
		{5ACB1A70-B70D-4149-B68C-0E7C8E257AC9}.Release|Any CPU.Build.0 = Release|Any CPU
	EndGlobalSection
	GlobalSection(NestedProjects) = preSolution
		{5CA4866F-F451-4F3C-B2F4-555F94A8A37E} = {A476C04A-7690-4F67-9E4B-FC4FE9672AAE}
		{5BC09FEF-A723-451D-9101-D70D1D37BC82} = {5CA4866F-F451-4F3C-B2F4-555F94A8A37E}
		{6E2726A1-44F7-4810-9993-C59CB25354F9} = {A476C04A-7690-4F67-9E4B-FC4FE9672AAE}
		{5ACB1A70-B70D-4149-B68C-0E7C8E257AC9} = {5CA4866F-F451-4F3C-B2F4-555F94A8A37E}
	EndGlobalSection
EndGlobal
